// !$*UTF8*$!
{
	archiveVersion = 1;
	classes = {
	};
	objectVersion = 50;
	objects = {

/* Begin PBXBuildFile section */
		35162C89208FC0A100547126 /* TransactionsRepository.swift in Sources */ = {isa = PBXBuildFile; fileRef = 35162C88208FC0A100547126 /* TransactionsRepository.swift */; };
		35162C8A208FC0A100547126 /* TransactionsRepository.swift in Sources */ = {isa = PBXBuildFile; fileRef = 35162C88208FC0A100547126 /* TransactionsRepository.swift */; };
		35162C8E208FC10A00547126 /* CalendarProtocol.swift in Sources */ = {isa = PBXBuildFile; fileRef = 35162C8C208FC10900547126 /* CalendarProtocol.swift */; };
		35162C8F208FC10A00547126 /* CalendarProtocol.swift in Sources */ = {isa = PBXBuildFile; fileRef = 35162C8C208FC10900547126 /* CalendarProtocol.swift */; };
		35162C90208FC10A00547126 /* DateRange.swift in Sources */ = {isa = PBXBuildFile; fileRef = 35162C8D208FC10A00547126 /* DateRange.swift */; };
		35162C91208FC10A00547126 /* DateRange.swift in Sources */ = {isa = PBXBuildFile; fileRef = 35162C8D208FC10A00547126 /* DateRange.swift */; };
		35162C96208FC14900547126 /* TransactionCategoryProtocol.swift in Sources */ = {isa = PBXBuildFile; fileRef = 35162C93208FC14900547126 /* TransactionCategoryProtocol.swift */; };
		35162C97208FC14900547126 /* TransactionCategoryProtocol.swift in Sources */ = {isa = PBXBuildFile; fileRef = 35162C93208FC14900547126 /* TransactionCategoryProtocol.swift */; };
		35162C98208FC14900547126 /* CalendarDateProtocol.swift in Sources */ = {isa = PBXBuildFile; fileRef = 35162C94208FC14900547126 /* CalendarDateProtocol.swift */; };
		35162C99208FC14900547126 /* CalendarDateProtocol.swift in Sources */ = {isa = PBXBuildFile; fileRef = 35162C94208FC14900547126 /* CalendarDateProtocol.swift */; };
		35162C9A208FC14900547126 /* TransactionProtocol.swift in Sources */ = {isa = PBXBuildFile; fileRef = 35162C95208FC14900547126 /* TransactionProtocol.swift */; };
		35162C9B208FC14900547126 /* TransactionProtocol.swift in Sources */ = {isa = PBXBuildFile; fileRef = 35162C95208FC14900547126 /* TransactionProtocol.swift */; };
		35162C9E208FC1D000547126 /* Logger.swift in Sources */ = {isa = PBXBuildFile; fileRef = 35162C9D208FC1D000547126 /* Logger.swift */; };
		35162C9F208FC1D000547126 /* Logger.swift in Sources */ = {isa = PBXBuildFile; fileRef = 35162C9D208FC1D000547126 /* Logger.swift */; };
		35162CA3208FC2D200547126 /* NSManagedObject+Extensions.swift in Sources */ = {isa = PBXBuildFile; fileRef = 35162CA2208FC2D200547126 /* NSManagedObject+Extensions.swift */; };
		35162CA4208FC2D200547126 /* NSManagedObject+Extensions.swift in Sources */ = {isa = PBXBuildFile; fileRef = 35162CA2208FC2D200547126 /* NSManagedObject+Extensions.swift */; };
		35162CA6208FC30600547126 /* String+Extensions.swift in Sources */ = {isa = PBXBuildFile; fileRef = 35162CA5208FC30600547126 /* String+Extensions.swift */; };
		35162CA7208FC30600547126 /* String+Extensions.swift in Sources */ = {isa = PBXBuildFile; fileRef = 35162CA5208FC30600547126 /* String+Extensions.swift */; };
		35162CA9208FC32500547126 /* Calendar+Extensions.swift in Sources */ = {isa = PBXBuildFile; fileRef = 35162CA8208FC32500547126 /* Calendar+Extensions.swift */; };
		35162CAA208FC32500547126 /* Calendar+Extensions.swift in Sources */ = {isa = PBXBuildFile; fileRef = 35162CA8208FC32500547126 /* Calendar+Extensions.swift */; };
		35162CAD208FC39E00547126 /* TransactionsGrouping.swift in Sources */ = {isa = PBXBuildFile; fileRef = 35162CAC208FC39E00547126 /* TransactionsGrouping.swift */; };
		35162CAE208FC39E00547126 /* TransactionsGrouping.swift in Sources */ = {isa = PBXBuildFile; fileRef = 35162CAC208FC39E00547126 /* TransactionsGrouping.swift */; };
		35162CB1208FC58500547126 /* Image.swift in Sources */ = {isa = PBXBuildFile; fileRef = 35162CB0208FC58500547126 /* Image.swift */; };
		35162CB2208FC58500547126 /* Image.swift in Sources */ = {isa = PBXBuildFile; fileRef = 35162CB0208FC58500547126 /* Image.swift */; };
		35162CB42090D96600547126 /* TransactionCategoryRepository.swift in Sources */ = {isa = PBXBuildFile; fileRef = 35162CB32090D96600547126 /* TransactionCategoryRepository.swift */; };
		35162CB52090D96600547126 /* TransactionCategoryRepository.swift in Sources */ = {isa = PBXBuildFile; fileRef = 35162CB32090D96600547126 /* TransactionCategoryRepository.swift */; };
		35162CB72090DD0100547126 /* BudgetRepository.swift in Sources */ = {isa = PBXBuildFile; fileRef = 35162CB62090DD0100547126 /* BudgetRepository.swift */; };
		35162CB82090DD0100547126 /* BudgetRepository.swift in Sources */ = {isa = PBXBuildFile; fileRef = 35162CB62090DD0100547126 /* BudgetRepository.swift */; };
		35162CBB2090DE6D00547126 /* UserPreferences.swift in Sources */ = {isa = PBXBuildFile; fileRef = 35162CBA2090DE6D00547126 /* UserPreferences.swift */; };
		35162CBC2090DE6D00547126 /* UserPreferences.swift in Sources */ = {isa = PBXBuildFile; fileRef = 35162CBA2090DE6D00547126 /* UserPreferences.swift */; };
		35162CBE2090DEB200547126 /* UserPreferencesTests.swift in Sources */ = {isa = PBXBuildFile; fileRef = 35162CBD2090DEB200547126 /* UserPreferencesTests.swift */; };
		35162CBF2090DEB200547126 /* UserPreferencesTests.swift in Sources */ = {isa = PBXBuildFile; fileRef = 35162CBD2090DEB200547126 /* UserPreferencesTests.swift */; };
		353817D1208E642C00EA967F /* DataModel.xcdatamodeld in Sources */ = {isa = PBXBuildFile; fileRef = 353817CF208E642C00EA967F /* DataModel.xcdatamodeld */; };
		353817D2208E643600EA967F /* DataModel.xcdatamodeld in Sources */ = {isa = PBXBuildFile; fileRef = 353817CF208E642C00EA967F /* DataModel.xcdatamodeld */; };
		353817D5208E647600EA967F /* CoreDataStack.swift in Sources */ = {isa = PBXBuildFile; fileRef = 353817D4208E647600EA967F /* CoreDataStack.swift */; };
		353817D6208E647600EA967F /* CoreDataStack.swift in Sources */ = {isa = PBXBuildFile; fileRef = 353817D4208E647600EA967F /* CoreDataStack.swift */; };
		353817DF208E65DC00EA967F /* CalendarDateManagedObject+CoreDataClass.swift in Sources */ = {isa = PBXBuildFile; fileRef = 353817D7208E65DC00EA967F /* CalendarDateManagedObject+CoreDataClass.swift */; };
		353817E0208E65DC00EA967F /* CalendarDateManagedObject+CoreDataClass.swift in Sources */ = {isa = PBXBuildFile; fileRef = 353817D7208E65DC00EA967F /* CalendarDateManagedObject+CoreDataClass.swift */; };
		353817E1208E65DC00EA967F /* CalendarDateManagedObject+CoreDataProperties.swift in Sources */ = {isa = PBXBuildFile; fileRef = 353817D8208E65DC00EA967F /* CalendarDateManagedObject+CoreDataProperties.swift */; };
		353817E2208E65DC00EA967F /* CalendarDateManagedObject+CoreDataProperties.swift in Sources */ = {isa = PBXBuildFile; fileRef = 353817D8208E65DC00EA967F /* CalendarDateManagedObject+CoreDataProperties.swift */; };
		353817E3208E65DC00EA967F /* BudgetManagedObject+CoreDataClass.swift in Sources */ = {isa = PBXBuildFile; fileRef = 353817D9208E65DC00EA967F /* BudgetManagedObject+CoreDataClass.swift */; };
		353817E4208E65DC00EA967F /* BudgetManagedObject+CoreDataClass.swift in Sources */ = {isa = PBXBuildFile; fileRef = 353817D9208E65DC00EA967F /* BudgetManagedObject+CoreDataClass.swift */; };
		353817E5208E65DC00EA967F /* BudgetManagedObject+CoreDataProperties.swift in Sources */ = {isa = PBXBuildFile; fileRef = 353817DA208E65DC00EA967F /* BudgetManagedObject+CoreDataProperties.swift */; };
		353817E6208E65DC00EA967F /* BudgetManagedObject+CoreDataProperties.swift in Sources */ = {isa = PBXBuildFile; fileRef = 353817DA208E65DC00EA967F /* BudgetManagedObject+CoreDataProperties.swift */; };
		353817E7208E65DC00EA967F /* TransactionManagedObject+CoreDataClass.swift in Sources */ = {isa = PBXBuildFile; fileRef = 353817DB208E65DC00EA967F /* TransactionManagedObject+CoreDataClass.swift */; };
		353817E8208E65DC00EA967F /* TransactionManagedObject+CoreDataClass.swift in Sources */ = {isa = PBXBuildFile; fileRef = 353817DB208E65DC00EA967F /* TransactionManagedObject+CoreDataClass.swift */; };
		353817E9208E65DC00EA967F /* TransactionManagedObject+CoreDataProperties.swift in Sources */ = {isa = PBXBuildFile; fileRef = 353817DC208E65DC00EA967F /* TransactionManagedObject+CoreDataProperties.swift */; };
		353817EA208E65DC00EA967F /* TransactionManagedObject+CoreDataProperties.swift in Sources */ = {isa = PBXBuildFile; fileRef = 353817DC208E65DC00EA967F /* TransactionManagedObject+CoreDataProperties.swift */; };
		353817EB208E65DC00EA967F /* TransactionCategoryManagedObject+CoreDataClass.swift in Sources */ = {isa = PBXBuildFile; fileRef = 353817DD208E65DC00EA967F /* TransactionCategoryManagedObject+CoreDataClass.swift */; };
		353817EC208E65DC00EA967F /* TransactionCategoryManagedObject+CoreDataClass.swift in Sources */ = {isa = PBXBuildFile; fileRef = 353817DD208E65DC00EA967F /* TransactionCategoryManagedObject+CoreDataClass.swift */; };
		353817ED208E65DC00EA967F /* TransactionCategoryManagedObject+CoreDataProperties.swift in Sources */ = {isa = PBXBuildFile; fileRef = 353817DE208E65DC00EA967F /* TransactionCategoryManagedObject+CoreDataProperties.swift */; };
		353817EE208E65DC00EA967F /* TransactionCategoryManagedObject+CoreDataProperties.swift in Sources */ = {isa = PBXBuildFile; fileRef = 353817DE208E65DC00EA967F /* TransactionCategoryManagedObject+CoreDataProperties.swift */; };
		35593BEE20922DFD00DEEDB5 /* ChartsDataProcessor.swift in Sources */ = {isa = PBXBuildFile; fileRef = 35593BED20922DFD00DEEDB5 /* ChartsDataProcessor.swift */; };
		35593BEF20922E1D00DEEDB5 /* ChartsDataProcessor.swift in Sources */ = {isa = PBXBuildFile; fileRef = 35593BED20922DFD00DEEDB5 /* ChartsDataProcessor.swift */; };
		356668A1208CE5CB0052E724 /* MoneySaverAppCore.framework in Frameworks */ = {isa = PBXBuildFile; fileRef = 35666897208CE5CB0052E724 /* MoneySaverAppCore.framework */; };
		356668BD208CE62C0052E724 /* MoneySaverAppCore.framework in Frameworks */ = {isa = PBXBuildFile; fileRef = 356668B4208CE62C0052E724 /* MoneySaverAppCore.framework */; };
		356668D0208CE99D0052E724 /* MoneySaverAppCore.h in Headers */ = {isa = PBXBuildFile; fileRef = 356668CF208CE99D0052E724 /* MoneySaverAppCore.h */; settings = {ATTRIBUTES = (Public, ); }; };
		356668D1208CE99D0052E724 /* MoneySaverAppCore.h in Headers */ = {isa = PBXBuildFile; fileRef = 356668CF208CE99D0052E724 /* MoneySaverAppCore.h */; settings = {ATTRIBUTES = (Public, ); }; };
		356668D3208CEA270052E724 /* TestClass.swift in Sources */ = {isa = PBXBuildFile; fileRef = 356668D2208CEA270052E724 /* TestClass.swift */; };
		356668D4208CEA270052E724 /* TestClass.swift in Sources */ = {isa = PBXBuildFile; fileRef = 356668D2208CEA270052E724 /* TestClass.swift */; };
		356668D9208CEB910052E724 /* TestClassUnitTests.swift in Sources */ = {isa = PBXBuildFile; fileRef = 356668D8208CEB910052E724 /* TestClassUnitTests.swift */; };
		356668DA208CEB910052E724 /* TestClassUnitTests.swift in Sources */ = {isa = PBXBuildFile; fileRef = 356668D8208CEB910052E724 /* TestClassUnitTests.swift */; };
/* End PBXBuildFile section */

/* Begin PBXContainerItemProxy section */
		356668A2208CE5CB0052E724 /* PBXContainerItemProxy */ = {
			isa = PBXContainerItemProxy;
			containerPortal = 3566688C208CE4A40052E724 /* Project object */;
			proxyType = 1;
			remoteGlobalIDString = 35666896208CE5CB0052E724;
			remoteInfo = "MoneySaverAppCore-iOS";
		};
		356668BE208CE62C0052E724 /* PBXContainerItemProxy */ = {
			isa = PBXContainerItemProxy;
			containerPortal = 3566688C208CE4A40052E724 /* Project object */;
			proxyType = 1;
			remoteGlobalIDString = 356668B3208CE62C0052E724;
			remoteInfo = "MoneySaverAppCore-macOS";
		};
/* End PBXContainerItemProxy section */

/* Begin PBXFileReference section */
		35162C88208FC0A100547126 /* TransactionsRepository.swift */ = {isa = PBXFileReference; fileEncoding = 4; lastKnownFileType = sourcecode.swift; path = TransactionsRepository.swift; sourceTree = "<group>"; };
		35162C8C208FC10900547126 /* CalendarProtocol.swift */ = {isa = PBXFileReference; fileEncoding = 4; lastKnownFileType = sourcecode.swift; path = CalendarProtocol.swift; sourceTree = "<group>"; };
		35162C8D208FC10A00547126 /* DateRange.swift */ = {isa = PBXFileReference; fileEncoding = 4; lastKnownFileType = sourcecode.swift; path = DateRange.swift; sourceTree = "<group>"; };
		35162C93208FC14900547126 /* TransactionCategoryProtocol.swift */ = {isa = PBXFileReference; fileEncoding = 4; lastKnownFileType = sourcecode.swift; path = TransactionCategoryProtocol.swift; sourceTree = "<group>"; };
		35162C94208FC14900547126 /* CalendarDateProtocol.swift */ = {isa = PBXFileReference; fileEncoding = 4; lastKnownFileType = sourcecode.swift; path = CalendarDateProtocol.swift; sourceTree = "<group>"; };
		35162C95208FC14900547126 /* TransactionProtocol.swift */ = {isa = PBXFileReference; fileEncoding = 4; lastKnownFileType = sourcecode.swift; path = TransactionProtocol.swift; sourceTree = "<group>"; };
		35162C9D208FC1D000547126 /* Logger.swift */ = {isa = PBXFileReference; fileEncoding = 4; lastKnownFileType = sourcecode.swift; path = Logger.swift; sourceTree = "<group>"; };
		35162CA2208FC2D200547126 /* NSManagedObject+Extensions.swift */ = {isa = PBXFileReference; lastKnownFileType = sourcecode.swift; path = "NSManagedObject+Extensions.swift"; sourceTree = "<group>"; };
		35162CA5208FC30600547126 /* String+Extensions.swift */ = {isa = PBXFileReference; lastKnownFileType = sourcecode.swift; path = "String+Extensions.swift"; sourceTree = "<group>"; };
		35162CA8208FC32500547126 /* Calendar+Extensions.swift */ = {isa = PBXFileReference; lastKnownFileType = sourcecode.swift; path = "Calendar+Extensions.swift"; sourceTree = "<group>"; };
		35162CAC208FC39E00547126 /* TransactionsGrouping.swift */ = {isa = PBXFileReference; fileEncoding = 4; lastKnownFileType = sourcecode.swift; path = TransactionsGrouping.swift; sourceTree = "<group>"; };
		35162CB0208FC58500547126 /* Image.swift */ = {isa = PBXFileReference; lastKnownFileType = sourcecode.swift; path = Image.swift; sourceTree = "<group>"; };
		35162CB32090D96600547126 /* TransactionCategoryRepository.swift */ = {isa = PBXFileReference; fileEncoding = 4; lastKnownFileType = sourcecode.swift; path = TransactionCategoryRepository.swift; sourceTree = "<group>"; };
		35162CB62090DD0100547126 /* BudgetRepository.swift */ = {isa = PBXFileReference; fileEncoding = 4; lastKnownFileType = sourcecode.swift; path = BudgetRepository.swift; sourceTree = "<group>"; };
		35162CBA2090DE6D00547126 /* UserPreferences.swift */ = {isa = PBXFileReference; fileEncoding = 4; lastKnownFileType = sourcecode.swift; path = UserPreferences.swift; sourceTree = "<group>"; };
		35162CBD2090DEB200547126 /* UserPreferencesTests.swift */ = {isa = PBXFileReference; fileEncoding = 4; lastKnownFileType = sourcecode.swift; path = UserPreferencesTests.swift; sourceTree = "<group>"; };
		353817D0208E642C00EA967F /* DataModel.xcdatamodel */ = {isa = PBXFileReference; lastKnownFileType = wrapper.xcdatamodel; path = DataModel.xcdatamodel; sourceTree = "<group>"; };
		353817D4208E647600EA967F /* CoreDataStack.swift */ = {isa = PBXFileReference; fileEncoding = 4; lastKnownFileType = sourcecode.swift; path = CoreDataStack.swift; sourceTree = "<group>"; };
		353817D7208E65DC00EA967F /* CalendarDateManagedObject+CoreDataClass.swift */ = {isa = PBXFileReference; lastKnownFileType = sourcecode.swift; path = "CalendarDateManagedObject+CoreDataClass.swift"; sourceTree = "<group>"; };
		353817D8208E65DC00EA967F /* CalendarDateManagedObject+CoreDataProperties.swift */ = {isa = PBXFileReference; lastKnownFileType = sourcecode.swift; path = "CalendarDateManagedObject+CoreDataProperties.swift"; sourceTree = "<group>"; };
		353817D9208E65DC00EA967F /* BudgetManagedObject+CoreDataClass.swift */ = {isa = PBXFileReference; lastKnownFileType = sourcecode.swift; path = "BudgetManagedObject+CoreDataClass.swift"; sourceTree = "<group>"; };
		353817DA208E65DC00EA967F /* BudgetManagedObject+CoreDataProperties.swift */ = {isa = PBXFileReference; lastKnownFileType = sourcecode.swift; path = "BudgetManagedObject+CoreDataProperties.swift"; sourceTree = "<group>"; };
		353817DB208E65DC00EA967F /* TransactionManagedObject+CoreDataClass.swift */ = {isa = PBXFileReference; lastKnownFileType = sourcecode.swift; path = "TransactionManagedObject+CoreDataClass.swift"; sourceTree = "<group>"; };
		353817DC208E65DC00EA967F /* TransactionManagedObject+CoreDataProperties.swift */ = {isa = PBXFileReference; lastKnownFileType = sourcecode.swift; path = "TransactionManagedObject+CoreDataProperties.swift"; sourceTree = "<group>"; };
		353817DD208E65DC00EA967F /* TransactionCategoryManagedObject+CoreDataClass.swift */ = {isa = PBXFileReference; lastKnownFileType = sourcecode.swift; path = "TransactionCategoryManagedObject+CoreDataClass.swift"; sourceTree = "<group>"; };
		353817DE208E65DC00EA967F /* TransactionCategoryManagedObject+CoreDataProperties.swift */ = {isa = PBXFileReference; lastKnownFileType = sourcecode.swift; path = "TransactionCategoryManagedObject+CoreDataProperties.swift"; sourceTree = "<group>"; };
		35593BED20922DFD00DEEDB5 /* ChartsDataProcessor.swift */ = {isa = PBXFileReference; fileEncoding = 4; lastKnownFileType = sourcecode.swift; path = ChartsDataProcessor.swift; sourceTree = "<group>"; };
		35666897208CE5CB0052E724 /* MoneySaverAppCore.framework */ = {isa = PBXFileReference; explicitFileType = wrapper.framework; includeInIndex = 0; path = MoneySaverAppCore.framework; sourceTree = BUILT_PRODUCTS_DIR; };
		356668A0208CE5CB0052E724 /* MoneySaverAppCore-iOSTests.xctest */ = {isa = PBXFileReference; explicitFileType = wrapper.cfbundle; includeInIndex = 0; path = "MoneySaverAppCore-iOSTests.xctest"; sourceTree = BUILT_PRODUCTS_DIR; };
		356668B4208CE62C0052E724 /* MoneySaverAppCore.framework */ = {isa = PBXFileReference; explicitFileType = wrapper.framework; includeInIndex = 0; path = MoneySaverAppCore.framework; sourceTree = BUILT_PRODUCTS_DIR; };
		356668BC208CE62C0052E724 /* MoneySaverAppCore-macOSTests.xctest */ = {isa = PBXFileReference; explicitFileType = wrapper.cfbundle; includeInIndex = 0; path = "MoneySaverAppCore-macOSTests.xctest"; sourceTree = BUILT_PRODUCTS_DIR; };
		356668CD208CE8AD0052E724 /* Info-macOS.plist */ = {isa = PBXFileReference; lastKnownFileType = text.plist.xml; path = "Info-macOS.plist"; sourceTree = "<group>"; };
		356668CE208CE8AD0052E724 /* Info-iOS.plist */ = {isa = PBXFileReference; lastKnownFileType = text.plist.xml; path = "Info-iOS.plist"; sourceTree = "<group>"; };
		356668CF208CE99D0052E724 /* MoneySaverAppCore.h */ = {isa = PBXFileReference; fileEncoding = 4; lastKnownFileType = sourcecode.c.h; path = MoneySaverAppCore.h; sourceTree = "<group>"; };
		356668D2208CEA270052E724 /* TestClass.swift */ = {isa = PBXFileReference; lastKnownFileType = sourcecode.swift; path = TestClass.swift; sourceTree = "<group>"; };
		356668D5208CEB040052E724 /* Info-macOS-unittests.plist */ = {isa = PBXFileReference; lastKnownFileType = text.plist.xml; path = "Info-macOS-unittests.plist"; sourceTree = "<group>"; };
		356668D6208CEB040052E724 /* Info-iOS-unittests.plist */ = {isa = PBXFileReference; lastKnownFileType = text.plist.xml; path = "Info-iOS-unittests.plist"; sourceTree = "<group>"; };
		356668D8208CEB910052E724 /* TestClassUnitTests.swift */ = {isa = PBXFileReference; lastKnownFileType = sourcecode.swift; path = TestClassUnitTests.swift; sourceTree = "<group>"; };
/* End PBXFileReference section */

/* Begin PBXFrameworksBuildPhase section */
		35666893208CE5CB0052E724 /* Frameworks */ = {
			isa = PBXFrameworksBuildPhase;
			buildActionMask = 2147483647;
			files = (
			);
			runOnlyForDeploymentPostprocessing = 0;
		};
		3566689D208CE5CB0052E724 /* Frameworks */ = {
			isa = PBXFrameworksBuildPhase;
			buildActionMask = 2147483647;
			files = (
				356668A1208CE5CB0052E724 /* MoneySaverAppCore.framework in Frameworks */,
			);
			runOnlyForDeploymentPostprocessing = 0;
		};
		356668B0208CE62C0052E724 /* Frameworks */ = {
			isa = PBXFrameworksBuildPhase;
			buildActionMask = 2147483647;
			files = (
			);
			runOnlyForDeploymentPostprocessing = 0;
		};
		356668B9208CE62C0052E724 /* Frameworks */ = {
			isa = PBXFrameworksBuildPhase;
			buildActionMask = 2147483647;
			files = (
				356668BD208CE62C0052E724 /* MoneySaverAppCore.framework in Frameworks */,
			);
			runOnlyForDeploymentPostprocessing = 0;
		};
/* End PBXFrameworksBuildPhase section */

/* Begin PBXGroup section */
		35162C87208FC07D00547126 /* repositories */ = {
			isa = PBXGroup;
			children = (
				35162CB62090DD0100547126 /* BudgetRepository.swift */,
				35162CB32090D96600547126 /* TransactionCategoryRepository.swift */,
				35162C88208FC0A100547126 /* TransactionsRepository.swift */,
			);
			path = repositories;
			sourceTree = "<group>";
		};
		35162C8B208FC0E000547126 /* Calendar */ = {
			isa = PBXGroup;
			children = (
				35162C8C208FC10900547126 /* CalendarProtocol.swift */,
				35162C8D208FC10A00547126 /* DateRange.swift */,
			);
			path = Calendar;
			sourceTree = "<group>";
		};
		35162C92208FC12400547126 /* DomainProtocols */ = {
			isa = PBXGroup;
			children = (
				35162C94208FC14900547126 /* CalendarDateProtocol.swift */,
				35162C93208FC14900547126 /* TransactionCategoryProtocol.swift */,
				35162C95208FC14900547126 /* TransactionProtocol.swift */,
			);
			path = DomainProtocols;
			sourceTree = "<group>";
		};
		35162C9C208FC1B300547126 /* Logging */ = {
			isa = PBXGroup;
			children = (
				35162C9D208FC1D000547126 /* Logger.swift */,
			);
			path = Logging;
			sourceTree = "<group>";
		};
		35162CA1208FC28300547126 /* Extensions */ = {
			isa = PBXGroup;
			children = (
				35162CA2208FC2D200547126 /* NSManagedObject+Extensions.swift */,
				35162CA5208FC30600547126 /* String+Extensions.swift */,
				35162CA8208FC32500547126 /* Calendar+Extensions.swift */,
			);
			path = Extensions;
			sourceTree = "<group>";
		};
		35162CAB208FC38900547126 /* grouping */ = {
			isa = PBXGroup;
			children = (
				35162CAC208FC39E00547126 /* TransactionsGrouping.swift */,
			);
			path = grouping;
			sourceTree = "<group>";
		};
		35162CAF208FC57800547126 /* Typealiases */ = {
			isa = PBXGroup;
			children = (
				35162CB0208FC58500547126 /* Image.swift */,
			);
			path = Typealiases;
			sourceTree = "<group>";
		};
		35162CB92090DE4F00547126 /* StatePreservation */ = {
			isa = PBXGroup;
			children = (
				35162CBA2090DE6D00547126 /* UserPreferences.swift */,
			);
			path = StatePreservation;
			sourceTree = "<group>";
		};
		353817CE208E640800EA967F /* CoreData */ = {
			isa = PBXGroup;
			children = (
				35162CAB208FC38900547126 /* grouping */,
				35162C87208FC07D00547126 /* repositories */,
				353817D7208E65DC00EA967F /* CalendarDateManagedObject+CoreDataClass.swift */,
				353817D8208E65DC00EA967F /* CalendarDateManagedObject+CoreDataProperties.swift */,
				353817D9208E65DC00EA967F /* BudgetManagedObject+CoreDataClass.swift */,
				353817DA208E65DC00EA967F /* BudgetManagedObject+CoreDataProperties.swift */,
				353817DB208E65DC00EA967F /* TransactionManagedObject+CoreDataClass.swift */,
				353817DC208E65DC00EA967F /* TransactionManagedObject+CoreDataProperties.swift */,
				353817DD208E65DC00EA967F /* TransactionCategoryManagedObject+CoreDataClass.swift */,
				353817DE208E65DC00EA967F /* TransactionCategoryManagedObject+CoreDataProperties.swift */,
				353817D4208E647600EA967F /* CoreDataStack.swift */,
				353817CF208E642C00EA967F /* DataModel.xcdatamodeld */,
			);
			path = CoreData;
			sourceTree = "<group>";
		};
		35593BEC20922DEF00DEEDB5 /* Charts */ = {
			isa = PBXGroup;
			children = (
				35593BED20922DFD00DEEDB5 /* ChartsDataProcessor.swift */,
			);
			path = Charts;
			sourceTree = "<group>";
		};
		3566688B208CE4A40052E724 = {
			isa = PBXGroup;
			children = (
				356668CB208CE66C0052E724 /* Sources */,
				356668D7208CEB0E0052E724 /* UnitTests */,
				35666898208CE5CB0052E724 /* Products */,
			);
			sourceTree = "<group>";
		};
		35666898208CE5CB0052E724 /* Products */ = {
			isa = PBXGroup;
			children = (
				35666897208CE5CB0052E724 /* MoneySaverAppCore.framework */,
				356668A0208CE5CB0052E724 /* MoneySaverAppCore-iOSTests.xctest */,
				356668B4208CE62C0052E724 /* MoneySaverAppCore.framework */,
				356668BC208CE62C0052E724 /* MoneySaverAppCore-macOSTests.xctest */,
			);
			name = Products;
			sourceTree = "<group>";
		};
		356668CB208CE66C0052E724 /* Sources */ = {
			isa = PBXGroup;
			children = (
				35593BEC20922DEF00DEEDB5 /* Charts */,
				35162CB92090DE4F00547126 /* StatePreservation */,
				35162CAF208FC57800547126 /* Typealiases */,
				35162CA1208FC28300547126 /* Extensions */,
				35162C9C208FC1B300547126 /* Logging */,
				35162C92208FC12400547126 /* DomainProtocols */,
				35162C8B208FC0E000547126 /* Calendar */,
				353817CE208E640800EA967F /* CoreData */,
				356668CF208CE99D0052E724 /* MoneySaverAppCore.h */,
				356668CC208CE6DD0052E724 /* Configuration */,
				356668D2208CEA270052E724 /* TestClass.swift */,
			);
			path = Sources;
			sourceTree = "<group>";
		};
		356668CC208CE6DD0052E724 /* Configuration */ = {
			isa = PBXGroup;
			children = (
				356668D6208CEB040052E724 /* Info-iOS-unittests.plist */,
				356668D5208CEB040052E724 /* Info-macOS-unittests.plist */,
				356668CE208CE8AD0052E724 /* Info-iOS.plist */,
				356668CD208CE8AD0052E724 /* Info-macOS.plist */,
			);
			path = Configuration;
			sourceTree = "<group>";
		};
		356668D7208CEB0E0052E724 /* UnitTests */ = {
			isa = PBXGroup;
			children = (
				35162CBD2090DEB200547126 /* UserPreferencesTests.swift */,
				356668D8208CEB910052E724 /* TestClassUnitTests.swift */,
			);
			path = UnitTests;
			sourceTree = "<group>";
		};
/* End PBXGroup section */

/* Begin PBXHeadersBuildPhase section */
		35666894208CE5CB0052E724 /* Headers */ = {
			isa = PBXHeadersBuildPhase;
			buildActionMask = 2147483647;
			files = (
				356668D0208CE99D0052E724 /* MoneySaverAppCore.h in Headers */,
			);
			runOnlyForDeploymentPostprocessing = 0;
		};
		356668B1208CE62C0052E724 /* Headers */ = {
			isa = PBXHeadersBuildPhase;
			buildActionMask = 2147483647;
			files = (
				356668D1208CE99D0052E724 /* MoneySaverAppCore.h in Headers */,
			);
			runOnlyForDeploymentPostprocessing = 0;
		};
/* End PBXHeadersBuildPhase section */

/* Begin PBXNativeTarget section */
		35666896208CE5CB0052E724 /* MoneySaverAppCore-iOS */ = {
			isa = PBXNativeTarget;
			buildConfigurationList = 356668A9208CE5CB0052E724 /* Build configuration list for PBXNativeTarget "MoneySaverAppCore-iOS" */;
			buildPhases = (
				35666892208CE5CB0052E724 /* Sources */,
				35666893208CE5CB0052E724 /* Frameworks */,
				35666894208CE5CB0052E724 /* Headers */,
				35666895208CE5CB0052E724 /* Resources */,
			);
			buildRules = (
			);
			dependencies = (
			);
			name = "MoneySaverAppCore-iOS";
			productName = "MoneySaverAppCore-iOS";
			productReference = 35666897208CE5CB0052E724 /* MoneySaverAppCore.framework */;
			productType = "com.apple.product-type.framework";
		};
		3566689F208CE5CB0052E724 /* MoneySaverAppCore-iOSTests */ = {
			isa = PBXNativeTarget;
			buildConfigurationList = 356668AC208CE5CB0052E724 /* Build configuration list for PBXNativeTarget "MoneySaverAppCore-iOSTests" */;
			buildPhases = (
				3566689C208CE5CB0052E724 /* Sources */,
				3566689D208CE5CB0052E724 /* Frameworks */,
				3566689E208CE5CB0052E724 /* Resources */,
			);
			buildRules = (
			);
			dependencies = (
				356668A3208CE5CB0052E724 /* PBXTargetDependency */,
			);
			name = "MoneySaverAppCore-iOSTests";
			productName = "MoneySaverAppCore-iOSTests";
			productReference = 356668A0208CE5CB0052E724 /* MoneySaverAppCore-iOSTests.xctest */;
			productType = "com.apple.product-type.bundle.unit-test";
		};
		356668B3208CE62C0052E724 /* MoneySaverAppCore-macOS */ = {
			isa = PBXNativeTarget;
			buildConfigurationList = 356668C5208CE62C0052E724 /* Build configuration list for PBXNativeTarget "MoneySaverAppCore-macOS" */;
			buildPhases = (
				356668AF208CE62C0052E724 /* Sources */,
				356668B0208CE62C0052E724 /* Frameworks */,
				356668B1208CE62C0052E724 /* Headers */,
				356668B2208CE62C0052E724 /* Resources */,
			);
			buildRules = (
			);
			dependencies = (
			);
			name = "MoneySaverAppCore-macOS";
			productName = "MoneySaverAppCore-macOS";
			productReference = 356668B4208CE62C0052E724 /* MoneySaverAppCore.framework */;
			productType = "com.apple.product-type.framework";
		};
		356668BB208CE62C0052E724 /* MoneySaverAppCore-macOSTests */ = {
			isa = PBXNativeTarget;
			buildConfigurationList = 356668C8208CE62C0052E724 /* Build configuration list for PBXNativeTarget "MoneySaverAppCore-macOSTests" */;
			buildPhases = (
				356668B8208CE62C0052E724 /* Sources */,
				356668B9208CE62C0052E724 /* Frameworks */,
				356668BA208CE62C0052E724 /* Resources */,
			);
			buildRules = (
			);
			dependencies = (
				356668BF208CE62C0052E724 /* PBXTargetDependency */,
			);
			name = "MoneySaverAppCore-macOSTests";
			productName = "MoneySaverAppCore-macOSTests";
			productReference = 356668BC208CE62C0052E724 /* MoneySaverAppCore-macOSTests.xctest */;
			productType = "com.apple.product-type.bundle.unit-test";
		};
/* End PBXNativeTarget section */

/* Begin PBXProject section */
		3566688C208CE4A40052E724 /* Project object */ = {
			isa = PBXProject;
			attributes = {
				LastSwiftUpdateCheck = 0930;
				LastUpgradeCheck = 0930;
				TargetAttributes = {
					35666896208CE5CB0052E724 = {
						CreatedOnToolsVersion = 9.3;
						LastSwiftMigration = 0930;
					};
					3566689F208CE5CB0052E724 = {
						CreatedOnToolsVersion = 9.3;
						LastSwiftMigration = 0930;
					};
					356668B3208CE62C0052E724 = {
						CreatedOnToolsVersion = 9.3;
						LastSwiftMigration = 0930;
					};
					356668BB208CE62C0052E724 = {
						CreatedOnToolsVersion = 9.3;
						LastSwiftMigration = 0930;
					};
				};
			};
			buildConfigurationList = 3566688F208CE4A40052E724 /* Build configuration list for PBXProject "MoneySaverAppCore" */;
			compatibilityVersion = "Xcode 9.3";
			developmentRegion = en;
			hasScannedForEncodings = 0;
			knownRegions = (
				en,
			);
			mainGroup = 3566688B208CE4A40052E724;
			productRefGroup = 35666898208CE5CB0052E724 /* Products */;
			projectDirPath = "";
			projectRoot = "";
			targets = (
				35666896208CE5CB0052E724 /* MoneySaverAppCore-iOS */,
				3566689F208CE5CB0052E724 /* MoneySaverAppCore-iOSTests */,
				356668B3208CE62C0052E724 /* MoneySaverAppCore-macOS */,
				356668BB208CE62C0052E724 /* MoneySaverAppCore-macOSTests */,
			);
		};
/* End PBXProject section */

/* Begin PBXResourcesBuildPhase section */
		35666895208CE5CB0052E724 /* Resources */ = {
			isa = PBXResourcesBuildPhase;
			buildActionMask = 2147483647;
			files = (
			);
			runOnlyForDeploymentPostprocessing = 0;
		};
		3566689E208CE5CB0052E724 /* Resources */ = {
			isa = PBXResourcesBuildPhase;
			buildActionMask = 2147483647;
			files = (
			);
			runOnlyForDeploymentPostprocessing = 0;
		};
		356668B2208CE62C0052E724 /* Resources */ = {
			isa = PBXResourcesBuildPhase;
			buildActionMask = 2147483647;
			files = (
			);
			runOnlyForDeploymentPostprocessing = 0;
		};
		356668BA208CE62C0052E724 /* Resources */ = {
			isa = PBXResourcesBuildPhase;
			buildActionMask = 2147483647;
			files = (
			);
			runOnlyForDeploymentPostprocessing = 0;
		};
/* End PBXResourcesBuildPhase section */

/* Begin PBXSourcesBuildPhase section */
		35666892208CE5CB0052E724 /* Sources */ = {
			isa = PBXSourcesBuildPhase;
			buildActionMask = 2147483647;
			files = (
				35162CA6208FC30600547126 /* String+Extensions.swift in Sources */,
				353817E1208E65DC00EA967F /* CalendarDateManagedObject+CoreDataProperties.swift in Sources */,
				35162CB1208FC58500547126 /* Image.swift in Sources */,
				35593BEE20922DFD00DEEDB5 /* ChartsDataProcessor.swift in Sources */,
				35162CA9208FC32500547126 /* Calendar+Extensions.swift in Sources */,
				35162CB72090DD0100547126 /* BudgetRepository.swift in Sources */,
				35162C90208FC10A00547126 /* DateRange.swift in Sources */,
				35162C96208FC14900547126 /* TransactionCategoryProtocol.swift in Sources */,
				353817E3208E65DC00EA967F /* BudgetManagedObject+CoreDataClass.swift in Sources */,
				353817E5208E65DC00EA967F /* BudgetManagedObject+CoreDataProperties.swift in Sources */,
				35162CBB2090DE6D00547126 /* UserPreferences.swift in Sources */,
				353817DF208E65DC00EA967F /* CalendarDateManagedObject+CoreDataClass.swift in Sources */,
				35162C89208FC0A100547126 /* TransactionsRepository.swift in Sources */,
				35162CB42090D96600547126 /* TransactionCategoryRepository.swift in Sources */,
				35162CAD208FC39E00547126 /* TransactionsGrouping.swift in Sources */,
				353817ED208E65DC00EA967F /* TransactionCategoryManagedObject+CoreDataProperties.swift in Sources */,
				353817D5208E647600EA967F /* CoreDataStack.swift in Sources */,
				35162C9A208FC14900547126 /* TransactionProtocol.swift in Sources */,
				353817E7208E65DC00EA967F /* TransactionManagedObject+CoreDataClass.swift in Sources */,
				356668D3208CEA270052E724 /* TestClass.swift in Sources */,
				35162C8E208FC10A00547126 /* CalendarProtocol.swift in Sources */,
				35162C9E208FC1D000547126 /* Logger.swift in Sources */,
				353817EB208E65DC00EA967F /* TransactionCategoryManagedObject+CoreDataClass.swift in Sources */,
				353817D1208E642C00EA967F /* DataModel.xcdatamodeld in Sources */,
				353817E9208E65DC00EA967F /* TransactionManagedObject+CoreDataProperties.swift in Sources */,
				35162CA3208FC2D200547126 /* NSManagedObject+Extensions.swift in Sources */,
				35162C98208FC14900547126 /* CalendarDateProtocol.swift in Sources */,
			);
			runOnlyForDeploymentPostprocessing = 0;
		};
		3566689C208CE5CB0052E724 /* Sources */ = {
			isa = PBXSourcesBuildPhase;
			buildActionMask = 2147483647;
			files = (
				356668D9208CEB910052E724 /* TestClassUnitTests.swift in Sources */,
				35162CBE2090DEB200547126 /* UserPreferencesTests.swift in Sources */,
			);
			runOnlyForDeploymentPostprocessing = 0;
		};
		356668AF208CE62C0052E724 /* Sources */ = {
			isa = PBXSourcesBuildPhase;
			buildActionMask = 2147483647;
			files = (
				35162CA7208FC30600547126 /* String+Extensions.swift in Sources */,
				353817E2208E65DC00EA967F /* CalendarDateManagedObject+CoreDataProperties.swift in Sources */,
				35162CB2208FC58500547126 /* Image.swift in Sources */,
				35593BEF20922E1D00DEEDB5 /* ChartsDataProcessor.swift in Sources */,
				35162CAA208FC32500547126 /* Calendar+Extensions.swift in Sources */,
				35162CB82090DD0100547126 /* BudgetRepository.swift in Sources */,
				35162C91208FC10A00547126 /* DateRange.swift in Sources */,
				35162C97208FC14900547126 /* TransactionCategoryProtocol.swift in Sources */,
				353817E4208E65DC00EA967F /* BudgetManagedObject+CoreDataClass.swift in Sources */,
				353817E6208E65DC00EA967F /* BudgetManagedObject+CoreDataProperties.swift in Sources */,
				35162CBC2090DE6D00547126 /* UserPreferences.swift in Sources */,
				353817E0208E65DC00EA967F /* CalendarDateManagedObject+CoreDataClass.swift in Sources */,
				35162C8A208FC0A100547126 /* TransactionsRepository.swift in Sources */,
				35162CB52090D96600547126 /* TransactionCategoryRepository.swift in Sources */,
				35162CAE208FC39E00547126 /* TransactionsGrouping.swift in Sources */,
				353817EE208E65DC00EA967F /* TransactionCategoryManagedObject+CoreDataProperties.swift in Sources */,
				353817D6208E647600EA967F /* CoreDataStack.swift in Sources */,
				35162C9B208FC14900547126 /* TransactionProtocol.swift in Sources */,
				353817E8208E65DC00EA967F /* TransactionManagedObject+CoreDataClass.swift in Sources */,
				356668D4208CEA270052E724 /* TestClass.swift in Sources */,
				35162C8F208FC10A00547126 /* CalendarProtocol.swift in Sources */,
				35162C9F208FC1D000547126 /* Logger.swift in Sources */,
				353817EC208E65DC00EA967F /* TransactionCategoryManagedObject+CoreDataClass.swift in Sources */,
				353817D2208E643600EA967F /* DataModel.xcdatamodeld in Sources */,
				353817EA208E65DC00EA967F /* TransactionManagedObject+CoreDataProperties.swift in Sources */,
				35162CA4208FC2D200547126 /* NSManagedObject+Extensions.swift in Sources */,
				35162C99208FC14900547126 /* CalendarDateProtocol.swift in Sources */,
			);
			runOnlyForDeploymentPostprocessing = 0;
		};
		356668B8208CE62C0052E724 /* Sources */ = {
			isa = PBXSourcesBuildPhase;
			buildActionMask = 2147483647;
			files = (
				356668DA208CEB910052E724 /* TestClassUnitTests.swift in Sources */,
				35162CBF2090DEB200547126 /* UserPreferencesTests.swift in Sources */,
			);
			runOnlyForDeploymentPostprocessing = 0;
		};
/* End PBXSourcesBuildPhase section */

/* Begin PBXTargetDependency section */
		356668A3208CE5CB0052E724 /* PBXTargetDependency */ = {
			isa = PBXTargetDependency;
			target = 35666896208CE5CB0052E724 /* MoneySaverAppCore-iOS */;
			targetProxy = 356668A2208CE5CB0052E724 /* PBXContainerItemProxy */;
		};
		356668BF208CE62C0052E724 /* PBXTargetDependency */ = {
			isa = PBXTargetDependency;
			target = 356668B3208CE62C0052E724 /* MoneySaverAppCore-macOS */;
			targetProxy = 356668BE208CE62C0052E724 /* PBXContainerItemProxy */;
		};
/* End PBXTargetDependency section */

/* Begin XCBuildConfiguration section */
		35666890208CE4A40052E724 /* Debug */ = {
			isa = XCBuildConfiguration;
			buildSettings = {
				PRODUCT_NAME = "$(PROJECT_NAME)";
			};
			name = Debug;
		};
		35666891208CE4A40052E724 /* Release */ = {
			isa = XCBuildConfiguration;
			buildSettings = {
				PRODUCT_NAME = "$(PROJECT_NAME)";
			};
			name = Release;
		};
		356668AA208CE5CB0052E724 /* Debug */ = {
			isa = XCBuildConfiguration;
			buildSettings = {
				ALWAYS_SEARCH_USER_PATHS = NO;
				CLANG_ANALYZER_NONNULL = YES;
				CLANG_ANALYZER_NUMBER_OBJECT_CONVERSION = YES_AGGRESSIVE;
				CLANG_CXX_LANGUAGE_STANDARD = "gnu++14";
				CLANG_CXX_LIBRARY = "libc++";
				CLANG_ENABLE_MODULES = YES;
				CLANG_ENABLE_OBJC_ARC = YES;
				CLANG_ENABLE_OBJC_WEAK = YES;
				CLANG_WARN_BLOCK_CAPTURE_AUTORELEASING = YES;
				CLANG_WARN_BOOL_CONVERSION = YES;
				CLANG_WARN_COMMA = YES;
				CLANG_WARN_CONSTANT_CONVERSION = YES;
				CLANG_WARN_DEPRECATED_OBJC_IMPLEMENTATIONS = YES;
				CLANG_WARN_DIRECT_OBJC_ISA_USAGE = YES_ERROR;
				CLANG_WARN_DOCUMENTATION_COMMENTS = YES;
				CLANG_WARN_EMPTY_BODY = YES;
				CLANG_WARN_ENUM_CONVERSION = YES;
				CLANG_WARN_INFINITE_RECURSION = YES;
				CLANG_WARN_INT_CONVERSION = YES;
				CLANG_WARN_NON_LITERAL_NULL_CONVERSION = YES;
				CLANG_WARN_OBJC_IMPLICIT_RETAIN_SELF = YES;
				CLANG_WARN_OBJC_LITERAL_CONVERSION = YES;
				CLANG_WARN_OBJC_ROOT_CLASS = YES_ERROR;
				CLANG_WARN_RANGE_LOOP_ANALYSIS = YES;
				CLANG_WARN_STRICT_PROTOTYPES = YES;
				CLANG_WARN_SUSPICIOUS_MOVE = YES;
				CLANG_WARN_UNGUARDED_AVAILABILITY = YES_AGGRESSIVE;
				CLANG_WARN_UNREACHABLE_CODE = YES;
				CLANG_WARN__DUPLICATE_METHOD_MATCH = YES;
				CODE_SIGN_IDENTITY = "iPhone Developer";
				CODE_SIGN_STYLE = Automatic;
				COPY_PHASE_STRIP = NO;
				CURRENT_PROJECT_VERSION = 1;
				DEBUG_INFORMATION_FORMAT = dwarf;
				DEFINES_MODULE = YES;
				DEVELOPMENT_TEAM = R77HUFLYN8;
				DYLIB_COMPATIBILITY_VERSION = 1;
				DYLIB_CURRENT_VERSION = 1;
				DYLIB_INSTALL_NAME_BASE = "@rpath";
				ENABLE_STRICT_OBJC_MSGSEND = YES;
				ENABLE_TESTABILITY = YES;
				GCC_C_LANGUAGE_STANDARD = gnu11;
				GCC_DYNAMIC_NO_PIC = NO;
				GCC_NO_COMMON_BLOCKS = YES;
				GCC_OPTIMIZATION_LEVEL = 0;
				GCC_PREPROCESSOR_DEFINITIONS = (
					"DEBUG=1",
					"$(inherited)",
				);
				GCC_WARN_64_TO_32_BIT_CONVERSION = YES;
				GCC_WARN_ABOUT_RETURN_TYPE = YES_ERROR;
				GCC_WARN_UNDECLARED_SELECTOR = YES;
				GCC_WARN_UNINITIALIZED_AUTOS = YES_AGGRESSIVE;
				GCC_WARN_UNUSED_FUNCTION = YES;
				GCC_WARN_UNUSED_VARIABLE = YES;
				INFOPLIST_FILE = "Sources/Configuration/Info-iOS.plist";
				INSTALL_PATH = "$(LOCAL_LIBRARY_DIR)/Frameworks";
				IPHONEOS_DEPLOYMENT_TARGET = 11.0;
				LD_RUNPATH_SEARCH_PATHS = (
					"$(inherited)",
					"@executable_path/Frameworks",
					"@loader_path/Frameworks",
				);
				MTL_ENABLE_DEBUG_INFO = YES;
				ONLY_ACTIVE_ARCH = YES;
				PRODUCT_BUNDLE_IDENTIFIER = "michal.moskala.$(PROJECT_NAME)";
				SDKROOT = iphoneos;
				SKIP_INSTALL = YES;
				SWIFT_ACTIVE_COMPILATION_CONDITIONS = DEBUG;
				SWIFT_OPTIMIZATION_LEVEL = "-Onone";
				SWIFT_VERSION = 4.0;
				TARGETED_DEVICE_FAMILY = "1,2";
				VERSIONING_SYSTEM = "apple-generic";
				VERSION_INFO_PREFIX = "";
			};
			name = Debug;
		};
		356668AB208CE5CB0052E724 /* Release */ = {
			isa = XCBuildConfiguration;
			buildSettings = {
				ALWAYS_SEARCH_USER_PATHS = NO;
				CLANG_ANALYZER_NONNULL = YES;
				CLANG_ANALYZER_NUMBER_OBJECT_CONVERSION = YES_AGGRESSIVE;
				CLANG_CXX_LANGUAGE_STANDARD = "gnu++14";
				CLANG_CXX_LIBRARY = "libc++";
				CLANG_ENABLE_MODULES = YES;
				CLANG_ENABLE_OBJC_ARC = YES;
				CLANG_ENABLE_OBJC_WEAK = YES;
				CLANG_WARN_BLOCK_CAPTURE_AUTORELEASING = YES;
				CLANG_WARN_BOOL_CONVERSION = YES;
				CLANG_WARN_COMMA = YES;
				CLANG_WARN_CONSTANT_CONVERSION = YES;
				CLANG_WARN_DEPRECATED_OBJC_IMPLEMENTATIONS = YES;
				CLANG_WARN_DIRECT_OBJC_ISA_USAGE = YES_ERROR;
				CLANG_WARN_DOCUMENTATION_COMMENTS = YES;
				CLANG_WARN_EMPTY_BODY = YES;
				CLANG_WARN_ENUM_CONVERSION = YES;
				CLANG_WARN_INFINITE_RECURSION = YES;
				CLANG_WARN_INT_CONVERSION = YES;
				CLANG_WARN_NON_LITERAL_NULL_CONVERSION = YES;
				CLANG_WARN_OBJC_IMPLICIT_RETAIN_SELF = YES;
				CLANG_WARN_OBJC_LITERAL_CONVERSION = YES;
				CLANG_WARN_OBJC_ROOT_CLASS = YES_ERROR;
				CLANG_WARN_RANGE_LOOP_ANALYSIS = YES;
				CLANG_WARN_STRICT_PROTOTYPES = YES;
				CLANG_WARN_SUSPICIOUS_MOVE = YES;
				CLANG_WARN_UNGUARDED_AVAILABILITY = YES_AGGRESSIVE;
				CLANG_WARN_UNREACHABLE_CODE = YES;
				CLANG_WARN__DUPLICATE_METHOD_MATCH = YES;
				CODE_SIGN_IDENTITY = "iPhone Developer";
				CODE_SIGN_STYLE = Automatic;
				COPY_PHASE_STRIP = NO;
				CURRENT_PROJECT_VERSION = 1;
				DEBUG_INFORMATION_FORMAT = "dwarf-with-dsym";
				DEFINES_MODULE = YES;
				DEVELOPMENT_TEAM = R77HUFLYN8;
				DYLIB_COMPATIBILITY_VERSION = 1;
				DYLIB_CURRENT_VERSION = 1;
				DYLIB_INSTALL_NAME_BASE = "@rpath";
				ENABLE_NS_ASSERTIONS = NO;
				ENABLE_STRICT_OBJC_MSGSEND = YES;
				GCC_C_LANGUAGE_STANDARD = gnu11;
				GCC_NO_COMMON_BLOCKS = YES;
				GCC_WARN_64_TO_32_BIT_CONVERSION = YES;
				GCC_WARN_ABOUT_RETURN_TYPE = YES_ERROR;
				GCC_WARN_UNDECLARED_SELECTOR = YES;
				GCC_WARN_UNINITIALIZED_AUTOS = YES_AGGRESSIVE;
				GCC_WARN_UNUSED_FUNCTION = YES;
				GCC_WARN_UNUSED_VARIABLE = YES;
				INFOPLIST_FILE = "Sources/Configuration/Info-iOS.plist";
				INSTALL_PATH = "$(LOCAL_LIBRARY_DIR)/Frameworks";
				IPHONEOS_DEPLOYMENT_TARGET = 11.0;
				LD_RUNPATH_SEARCH_PATHS = (
					"$(inherited)",
					"@executable_path/Frameworks",
					"@loader_path/Frameworks",
				);
				MTL_ENABLE_DEBUG_INFO = NO;
				PRODUCT_BUNDLE_IDENTIFIER = "michal.moskala.$(PROJECT_NAME)";
				SDKROOT = iphoneos;
				SKIP_INSTALL = YES;
				SWIFT_COMPILATION_MODE = wholemodule;
				SWIFT_OPTIMIZATION_LEVEL = "-O";
				SWIFT_VERSION = 4.0;
				TARGETED_DEVICE_FAMILY = "1,2";
				VALIDATE_PRODUCT = YES;
				VERSIONING_SYSTEM = "apple-generic";
				VERSION_INFO_PREFIX = "";
			};
			name = Release;
		};
		356668AD208CE5CB0052E724 /* Debug */ = {
			isa = XCBuildConfiguration;
			buildSettings = {
				ALWAYS_EMBED_SWIFT_STANDARD_LIBRARIES = YES;
				ALWAYS_SEARCH_USER_PATHS = NO;
				CLANG_ANALYZER_NONNULL = YES;
				CLANG_ANALYZER_NUMBER_OBJECT_CONVERSION = YES_AGGRESSIVE;
				CLANG_CXX_LANGUAGE_STANDARD = "gnu++14";
				CLANG_CXX_LIBRARY = "libc++";
				CLANG_ENABLE_MODULES = YES;
				CLANG_ENABLE_OBJC_ARC = YES;
				CLANG_ENABLE_OBJC_WEAK = YES;
				CLANG_WARN_BLOCK_CAPTURE_AUTORELEASING = YES;
				CLANG_WARN_BOOL_CONVERSION = YES;
				CLANG_WARN_COMMA = YES;
				CLANG_WARN_CONSTANT_CONVERSION = YES;
				CLANG_WARN_DEPRECATED_OBJC_IMPLEMENTATIONS = YES;
				CLANG_WARN_DIRECT_OBJC_ISA_USAGE = YES_ERROR;
				CLANG_WARN_DOCUMENTATION_COMMENTS = YES;
				CLANG_WARN_EMPTY_BODY = YES;
				CLANG_WARN_ENUM_CONVERSION = YES;
				CLANG_WARN_INFINITE_RECURSION = YES;
				CLANG_WARN_INT_CONVERSION = YES;
				CLANG_WARN_NON_LITERAL_NULL_CONVERSION = YES;
				CLANG_WARN_OBJC_IMPLICIT_RETAIN_SELF = YES;
				CLANG_WARN_OBJC_LITERAL_CONVERSION = YES;
				CLANG_WARN_OBJC_ROOT_CLASS = YES_ERROR;
				CLANG_WARN_RANGE_LOOP_ANALYSIS = YES;
				CLANG_WARN_STRICT_PROTOTYPES = YES;
				CLANG_WARN_SUSPICIOUS_MOVE = YES;
				CLANG_WARN_UNGUARDED_AVAILABILITY = YES_AGGRESSIVE;
				CLANG_WARN_UNREACHABLE_CODE = YES;
				CLANG_WARN__DUPLICATE_METHOD_MATCH = YES;
				CODE_SIGN_IDENTITY = "iPhone Developer";
				CODE_SIGN_STYLE = Automatic;
				COPY_PHASE_STRIP = NO;
				DEBUG_INFORMATION_FORMAT = dwarf;
				DEVELOPMENT_TEAM = R77HUFLYN8;
				ENABLE_STRICT_OBJC_MSGSEND = YES;
				ENABLE_TESTABILITY = YES;
				GCC_C_LANGUAGE_STANDARD = gnu11;
				GCC_DYNAMIC_NO_PIC = NO;
				GCC_NO_COMMON_BLOCKS = YES;
				GCC_OPTIMIZATION_LEVEL = 0;
				GCC_PREPROCESSOR_DEFINITIONS = (
					"DEBUG=1",
					"$(inherited)",
				);
				GCC_WARN_64_TO_32_BIT_CONVERSION = YES;
				GCC_WARN_ABOUT_RETURN_TYPE = YES_ERROR;
				GCC_WARN_UNDECLARED_SELECTOR = YES;
				GCC_WARN_UNINITIALIZED_AUTOS = YES_AGGRESSIVE;
				GCC_WARN_UNUSED_FUNCTION = YES;
				GCC_WARN_UNUSED_VARIABLE = YES;
				INFOPLIST_FILE = "Sources/Configuration/Info-iOS-unittests.plist";
				IPHONEOS_DEPLOYMENT_TARGET = 11.3;
				LD_RUNPATH_SEARCH_PATHS = (
					"$(inherited)",
					"@executable_path/Frameworks",
					"@loader_path/Frameworks",
				);
				MTL_ENABLE_DEBUG_INFO = YES;
				ONLY_ACTIVE_ARCH = YES;
				PRODUCT_BUNDLE_IDENTIFIER = "michal.moskala.MoneySaverAppCore-iOSTests";
				PRODUCT_NAME = "$(TARGET_NAME)";
				SDKROOT = iphoneos;
				SWIFT_ACTIVE_COMPILATION_CONDITIONS = DEBUG;
				SWIFT_OPTIMIZATION_LEVEL = "-Onone";
				SWIFT_VERSION = 4.0;
				TARGETED_DEVICE_FAMILY = "1,2";
			};
			name = Debug;
		};
		356668AE208CE5CB0052E724 /* Release */ = {
			isa = XCBuildConfiguration;
			buildSettings = {
				ALWAYS_EMBED_SWIFT_STANDARD_LIBRARIES = YES;
				ALWAYS_SEARCH_USER_PATHS = NO;
				CLANG_ANALYZER_NONNULL = YES;
				CLANG_ANALYZER_NUMBER_OBJECT_CONVERSION = YES_AGGRESSIVE;
				CLANG_CXX_LANGUAGE_STANDARD = "gnu++14";
				CLANG_CXX_LIBRARY = "libc++";
				CLANG_ENABLE_MODULES = YES;
				CLANG_ENABLE_OBJC_ARC = YES;
				CLANG_ENABLE_OBJC_WEAK = YES;
				CLANG_WARN_BLOCK_CAPTURE_AUTORELEASING = YES;
				CLANG_WARN_BOOL_CONVERSION = YES;
				CLANG_WARN_COMMA = YES;
				CLANG_WARN_CONSTANT_CONVERSION = YES;
				CLANG_WARN_DEPRECATED_OBJC_IMPLEMENTATIONS = YES;
				CLANG_WARN_DIRECT_OBJC_ISA_USAGE = YES_ERROR;
				CLANG_WARN_DOCUMENTATION_COMMENTS = YES;
				CLANG_WARN_EMPTY_BODY = YES;
				CLANG_WARN_ENUM_CONVERSION = YES;
				CLANG_WARN_INFINITE_RECURSION = YES;
				CLANG_WARN_INT_CONVERSION = YES;
				CLANG_WARN_NON_LITERAL_NULL_CONVERSION = YES;
				CLANG_WARN_OBJC_IMPLICIT_RETAIN_SELF = YES;
				CLANG_WARN_OBJC_LITERAL_CONVERSION = YES;
				CLANG_WARN_OBJC_ROOT_CLASS = YES_ERROR;
				CLANG_WARN_RANGE_LOOP_ANALYSIS = YES;
				CLANG_WARN_STRICT_PROTOTYPES = YES;
				CLANG_WARN_SUSPICIOUS_MOVE = YES;
				CLANG_WARN_UNGUARDED_AVAILABILITY = YES_AGGRESSIVE;
				CLANG_WARN_UNREACHABLE_CODE = YES;
				CLANG_WARN__DUPLICATE_METHOD_MATCH = YES;
				CODE_SIGN_IDENTITY = "iPhone Developer";
				CODE_SIGN_STYLE = Automatic;
				COPY_PHASE_STRIP = NO;
				DEBUG_INFORMATION_FORMAT = "dwarf-with-dsym";
				DEVELOPMENT_TEAM = R77HUFLYN8;
				ENABLE_NS_ASSERTIONS = NO;
				ENABLE_STRICT_OBJC_MSGSEND = YES;
				GCC_C_LANGUAGE_STANDARD = gnu11;
				GCC_NO_COMMON_BLOCKS = YES;
				GCC_WARN_64_TO_32_BIT_CONVERSION = YES;
				GCC_WARN_ABOUT_RETURN_TYPE = YES_ERROR;
				GCC_WARN_UNDECLARED_SELECTOR = YES;
				GCC_WARN_UNINITIALIZED_AUTOS = YES_AGGRESSIVE;
				GCC_WARN_UNUSED_FUNCTION = YES;
				GCC_WARN_UNUSED_VARIABLE = YES;
				INFOPLIST_FILE = "Sources/Configuration/Info-iOS-unittests.plist";
				IPHONEOS_DEPLOYMENT_TARGET = 11.3;
				LD_RUNPATH_SEARCH_PATHS = (
					"$(inherited)",
					"@executable_path/Frameworks",
					"@loader_path/Frameworks",
				);
				MTL_ENABLE_DEBUG_INFO = NO;
				PRODUCT_BUNDLE_IDENTIFIER = "michal.moskala.MoneySaverAppCore-iOSTests";
				PRODUCT_NAME = "$(TARGET_NAME)";
				SDKROOT = iphoneos;
				SWIFT_COMPILATION_MODE = wholemodule;
				SWIFT_OPTIMIZATION_LEVEL = "-O";
				SWIFT_VERSION = 4.0;
				TARGETED_DEVICE_FAMILY = "1,2";
				VALIDATE_PRODUCT = YES;
			};
			name = Release;
		};
		356668C6208CE62C0052E724 /* Debug */ = {
			isa = XCBuildConfiguration;
			buildSettings = {
				ALWAYS_SEARCH_USER_PATHS = NO;
				CLANG_ANALYZER_NONNULL = YES;
				CLANG_ANALYZER_NUMBER_OBJECT_CONVERSION = YES_AGGRESSIVE;
				CLANG_CXX_LANGUAGE_STANDARD = "gnu++14";
				CLANG_CXX_LIBRARY = "libc++";
				CLANG_ENABLE_MODULES = YES;
				CLANG_ENABLE_OBJC_ARC = YES;
				CLANG_ENABLE_OBJC_WEAK = YES;
				CLANG_WARN_BLOCK_CAPTURE_AUTORELEASING = YES;
				CLANG_WARN_BOOL_CONVERSION = YES;
				CLANG_WARN_COMMA = YES;
				CLANG_WARN_CONSTANT_CONVERSION = YES;
				CLANG_WARN_DEPRECATED_OBJC_IMPLEMENTATIONS = YES;
				CLANG_WARN_DIRECT_OBJC_ISA_USAGE = YES_ERROR;
				CLANG_WARN_DOCUMENTATION_COMMENTS = YES;
				CLANG_WARN_EMPTY_BODY = YES;
				CLANG_WARN_ENUM_CONVERSION = YES;
				CLANG_WARN_INFINITE_RECURSION = YES;
				CLANG_WARN_INT_CONVERSION = YES;
				CLANG_WARN_NON_LITERAL_NULL_CONVERSION = YES;
				CLANG_WARN_OBJC_IMPLICIT_RETAIN_SELF = YES;
				CLANG_WARN_OBJC_LITERAL_CONVERSION = YES;
				CLANG_WARN_OBJC_ROOT_CLASS = YES_ERROR;
				CLANG_WARN_RANGE_LOOP_ANALYSIS = YES;
				CLANG_WARN_STRICT_PROTOTYPES = YES;
				CLANG_WARN_SUSPICIOUS_MOVE = YES;
				CLANG_WARN_UNGUARDED_AVAILABILITY = YES_AGGRESSIVE;
				CLANG_WARN_UNREACHABLE_CODE = YES;
				CLANG_WARN__DUPLICATE_METHOD_MATCH = YES;
				CODE_SIGN_IDENTITY = "Mac Developer";
				CODE_SIGN_STYLE = Automatic;
				COMBINE_HIDPI_IMAGES = YES;
				COPY_PHASE_STRIP = NO;
				CURRENT_PROJECT_VERSION = 1;
				DEBUG_INFORMATION_FORMAT = dwarf;
				DEFINES_MODULE = YES;
				DEVELOPMENT_TEAM = R77HUFLYN8;
				DYLIB_COMPATIBILITY_VERSION = 1;
				DYLIB_CURRENT_VERSION = 1;
				DYLIB_INSTALL_NAME_BASE = "@rpath";
				ENABLE_STRICT_OBJC_MSGSEND = YES;
				ENABLE_TESTABILITY = YES;
				FRAMEWORK_VERSION = A;
				GCC_C_LANGUAGE_STANDARD = gnu11;
				GCC_DYNAMIC_NO_PIC = NO;
				GCC_NO_COMMON_BLOCKS = YES;
				GCC_OPTIMIZATION_LEVEL = 0;
				GCC_PREPROCESSOR_DEFINITIONS = (
					"DEBUG=1",
					"$(inherited)",
				);
				GCC_WARN_64_TO_32_BIT_CONVERSION = YES;
				GCC_WARN_ABOUT_RETURN_TYPE = YES_ERROR;
				GCC_WARN_UNDECLARED_SELECTOR = YES;
				GCC_WARN_UNINITIALIZED_AUTOS = YES_AGGRESSIVE;
				GCC_WARN_UNUSED_FUNCTION = YES;
				GCC_WARN_UNUSED_VARIABLE = YES;
				INFOPLIST_FILE = "Sources/Configuration/Info-macOS.plist";
				INSTALL_PATH = "$(LOCAL_LIBRARY_DIR)/Frameworks";
				LD_RUNPATH_SEARCH_PATHS = (
					"$(inherited)",
					"@executable_path/../Frameworks",
					"@loader_path/Frameworks",
				);
				MACOSX_DEPLOYMENT_TARGET = 10.13;
				MTL_ENABLE_DEBUG_INFO = YES;
				ONLY_ACTIVE_ARCH = YES;
				PRODUCT_BUNDLE_IDENTIFIER = "michal.moskala.$(PROJECT_NAME)";
				SDKROOT = macosx;
				SKIP_INSTALL = YES;
				SWIFT_ACTIVE_COMPILATION_CONDITIONS = DEBUG;
				SWIFT_OPTIMIZATION_LEVEL = "-Onone";
				SWIFT_VERSION = 4.0;
				VERSIONING_SYSTEM = "apple-generic";
				VERSION_INFO_PREFIX = "";
			};
			name = Debug;
		};
		356668C7208CE62C0052E724 /* Release */ = {
			isa = XCBuildConfiguration;
			buildSettings = {
				ALWAYS_SEARCH_USER_PATHS = NO;
				CLANG_ANALYZER_NONNULL = YES;
				CLANG_ANALYZER_NUMBER_OBJECT_CONVERSION = YES_AGGRESSIVE;
				CLANG_CXX_LANGUAGE_STANDARD = "gnu++14";
				CLANG_CXX_LIBRARY = "libc++";
				CLANG_ENABLE_MODULES = YES;
				CLANG_ENABLE_OBJC_ARC = YES;
				CLANG_ENABLE_OBJC_WEAK = YES;
				CLANG_WARN_BLOCK_CAPTURE_AUTORELEASING = YES;
				CLANG_WARN_BOOL_CONVERSION = YES;
				CLANG_WARN_COMMA = YES;
				CLANG_WARN_CONSTANT_CONVERSION = YES;
				CLANG_WARN_DEPRECATED_OBJC_IMPLEMENTATIONS = YES;
				CLANG_WARN_DIRECT_OBJC_ISA_USAGE = YES_ERROR;
				CLANG_WARN_DOCUMENTATION_COMMENTS = YES;
				CLANG_WARN_EMPTY_BODY = YES;
				CLANG_WARN_ENUM_CONVERSION = YES;
				CLANG_WARN_INFINITE_RECURSION = YES;
				CLANG_WARN_INT_CONVERSION = YES;
				CLANG_WARN_NON_LITERAL_NULL_CONVERSION = YES;
				CLANG_WARN_OBJC_IMPLICIT_RETAIN_SELF = YES;
				CLANG_WARN_OBJC_LITERAL_CONVERSION = YES;
				CLANG_WARN_OBJC_ROOT_CLASS = YES_ERROR;
				CLANG_WARN_RANGE_LOOP_ANALYSIS = YES;
				CLANG_WARN_STRICT_PROTOTYPES = YES;
				CLANG_WARN_SUSPICIOUS_MOVE = YES;
				CLANG_WARN_UNGUARDED_AVAILABILITY = YES_AGGRESSIVE;
				CLANG_WARN_UNREACHABLE_CODE = YES;
				CLANG_WARN__DUPLICATE_METHOD_MATCH = YES;
				CODE_SIGN_IDENTITY = "Mac Developer";
				CODE_SIGN_STYLE = Automatic;
				COMBINE_HIDPI_IMAGES = YES;
				COPY_PHASE_STRIP = NO;
				CURRENT_PROJECT_VERSION = 1;
				DEBUG_INFORMATION_FORMAT = "dwarf-with-dsym";
				DEFINES_MODULE = YES;
				DEVELOPMENT_TEAM = R77HUFLYN8;
				DYLIB_COMPATIBILITY_VERSION = 1;
				DYLIB_CURRENT_VERSION = 1;
				DYLIB_INSTALL_NAME_BASE = "@rpath";
				ENABLE_NS_ASSERTIONS = NO;
				ENABLE_STRICT_OBJC_MSGSEND = YES;
				FRAMEWORK_VERSION = A;
				GCC_C_LANGUAGE_STANDARD = gnu11;
				GCC_NO_COMMON_BLOCKS = YES;
				GCC_WARN_64_TO_32_BIT_CONVERSION = YES;
				GCC_WARN_ABOUT_RETURN_TYPE = YES_ERROR;
				GCC_WARN_UNDECLARED_SELECTOR = YES;
				GCC_WARN_UNINITIALIZED_AUTOS = YES_AGGRESSIVE;
				GCC_WARN_UNUSED_FUNCTION = YES;
				GCC_WARN_UNUSED_VARIABLE = YES;
				INFOPLIST_FILE = "Sources/Configuration/Info-macOS.plist";
				INSTALL_PATH = "$(LOCAL_LIBRARY_DIR)/Frameworks";
				LD_RUNPATH_SEARCH_PATHS = (
					"$(inherited)",
					"@executable_path/../Frameworks",
					"@loader_path/Frameworks",
				);
				MACOSX_DEPLOYMENT_TARGET = 10.13;
				MTL_ENABLE_DEBUG_INFO = NO;
				PRODUCT_BUNDLE_IDENTIFIER = "michal.moskala.$(PROJECT_NAME)";
				SDKROOT = macosx;
				SKIP_INSTALL = YES;
				SWIFT_COMPILATION_MODE = wholemodule;
				SWIFT_OPTIMIZATION_LEVEL = "-O";
				SWIFT_VERSION = 4.0;
				VERSIONING_SYSTEM = "apple-generic";
				VERSION_INFO_PREFIX = "";
			};
			name = Release;
		};
		356668C9208CE62C0052E724 /* Debug */ = {
			isa = XCBuildConfiguration;
			buildSettings = {
				ALWAYS_EMBED_SWIFT_STANDARD_LIBRARIES = YES;
				ALWAYS_SEARCH_USER_PATHS = NO;
				CLANG_ANALYZER_NONNULL = YES;
				CLANG_ANALYZER_NUMBER_OBJECT_CONVERSION = YES_AGGRESSIVE;
				CLANG_CXX_LANGUAGE_STANDARD = "gnu++14";
				CLANG_CXX_LIBRARY = "libc++";
				CLANG_ENABLE_MODULES = YES;
				CLANG_ENABLE_OBJC_ARC = YES;
				CLANG_ENABLE_OBJC_WEAK = YES;
				CLANG_WARN_BLOCK_CAPTURE_AUTORELEASING = YES;
				CLANG_WARN_BOOL_CONVERSION = YES;
				CLANG_WARN_COMMA = YES;
				CLANG_WARN_CONSTANT_CONVERSION = YES;
				CLANG_WARN_DEPRECATED_OBJC_IMPLEMENTATIONS = YES;
				CLANG_WARN_DIRECT_OBJC_ISA_USAGE = YES_ERROR;
				CLANG_WARN_DOCUMENTATION_COMMENTS = YES;
				CLANG_WARN_EMPTY_BODY = YES;
				CLANG_WARN_ENUM_CONVERSION = YES;
				CLANG_WARN_INFINITE_RECURSION = YES;
				CLANG_WARN_INT_CONVERSION = YES;
				CLANG_WARN_NON_LITERAL_NULL_CONVERSION = YES;
				CLANG_WARN_OBJC_IMPLICIT_RETAIN_SELF = YES;
				CLANG_WARN_OBJC_LITERAL_CONVERSION = YES;
				CLANG_WARN_OBJC_ROOT_CLASS = YES_ERROR;
				CLANG_WARN_RANGE_LOOP_ANALYSIS = YES;
				CLANG_WARN_STRICT_PROTOTYPES = YES;
				CLANG_WARN_SUSPICIOUS_MOVE = YES;
				CLANG_WARN_UNGUARDED_AVAILABILITY = YES_AGGRESSIVE;
				CLANG_WARN_UNREACHABLE_CODE = YES;
				CLANG_WARN__DUPLICATE_METHOD_MATCH = YES;
				CODE_SIGN_IDENTITY = "Mac Developer";
				CODE_SIGN_STYLE = Automatic;
				COMBINE_HIDPI_IMAGES = YES;
				COPY_PHASE_STRIP = NO;
				DEBUG_INFORMATION_FORMAT = dwarf;
				DEVELOPMENT_TEAM = R77HUFLYN8;
				ENABLE_STRICT_OBJC_MSGSEND = YES;
				ENABLE_TESTABILITY = YES;
				GCC_C_LANGUAGE_STANDARD = gnu11;
				GCC_DYNAMIC_NO_PIC = NO;
				GCC_NO_COMMON_BLOCKS = YES;
				GCC_OPTIMIZATION_LEVEL = 0;
				GCC_PREPROCESSOR_DEFINITIONS = (
					"DEBUG=1",
					"$(inherited)",
				);
				GCC_WARN_64_TO_32_BIT_CONVERSION = YES;
				GCC_WARN_ABOUT_RETURN_TYPE = YES_ERROR;
				GCC_WARN_UNDECLARED_SELECTOR = YES;
				GCC_WARN_UNINITIALIZED_AUTOS = YES_AGGRESSIVE;
				GCC_WARN_UNUSED_FUNCTION = YES;
				GCC_WARN_UNUSED_VARIABLE = YES;
				INFOPLIST_FILE = "Sources/Configuration/Info-macOS-unittests.plist";
				LD_RUNPATH_SEARCH_PATHS = (
					"$(inherited)",
					"@executable_path/../Frameworks",
					"@loader_path/../Frameworks",
				);
				MACOSX_DEPLOYMENT_TARGET = 10.13;
				MTL_ENABLE_DEBUG_INFO = YES;
				ONLY_ACTIVE_ARCH = YES;
				PRODUCT_BUNDLE_IDENTIFIER = "michal.moskala.MoneySaverAppCore-macOSTests";
				PRODUCT_NAME = "$(TARGET_NAME)";
				SDKROOT = macosx;
				SWIFT_ACTIVE_COMPILATION_CONDITIONS = DEBUG;
				SWIFT_OPTIMIZATION_LEVEL = "-Onone";
				SWIFT_VERSION = 4.0;
			};
			name = Debug;
		};
		356668CA208CE62C0052E724 /* Release */ = {
			isa = XCBuildConfiguration;
			buildSettings = {
				ALWAYS_EMBED_SWIFT_STANDARD_LIBRARIES = YES;
				ALWAYS_SEARCH_USER_PATHS = NO;
				CLANG_ANALYZER_NONNULL = YES;
				CLANG_ANALYZER_NUMBER_OBJECT_CONVERSION = YES_AGGRESSIVE;
				CLANG_CXX_LANGUAGE_STANDARD = "gnu++14";
				CLANG_CXX_LIBRARY = "libc++";
				CLANG_ENABLE_MODULES = YES;
				CLANG_ENABLE_OBJC_ARC = YES;
				CLANG_ENABLE_OBJC_WEAK = YES;
				CLANG_WARN_BLOCK_CAPTURE_AUTORELEASING = YES;
				CLANG_WARN_BOOL_CONVERSION = YES;
				CLANG_WARN_COMMA = YES;
				CLANG_WARN_CONSTANT_CONVERSION = YES;
				CLANG_WARN_DEPRECATED_OBJC_IMPLEMENTATIONS = YES;
				CLANG_WARN_DIRECT_OBJC_ISA_USAGE = YES_ERROR;
				CLANG_WARN_DOCUMENTATION_COMMENTS = YES;
				CLANG_WARN_EMPTY_BODY = YES;
				CLANG_WARN_ENUM_CONVERSION = YES;
				CLANG_WARN_INFINITE_RECURSION = YES;
				CLANG_WARN_INT_CONVERSION = YES;
				CLANG_WARN_NON_LITERAL_NULL_CONVERSION = YES;
				CLANG_WARN_OBJC_IMPLICIT_RETAIN_SELF = YES;
				CLANG_WARN_OBJC_LITERAL_CONVERSION = YES;
				CLANG_WARN_OBJC_ROOT_CLASS = YES_ERROR;
				CLANG_WARN_RANGE_LOOP_ANALYSIS = YES;
				CLANG_WARN_STRICT_PROTOTYPES = YES;
				CLANG_WARN_SUSPICIOUS_MOVE = YES;
				CLANG_WARN_UNGUARDED_AVAILABILITY = YES_AGGRESSIVE;
				CLANG_WARN_UNREACHABLE_CODE = YES;
				CLANG_WARN__DUPLICATE_METHOD_MATCH = YES;
				CODE_SIGN_IDENTITY = "Mac Developer";
				CODE_SIGN_STYLE = Automatic;
				COMBINE_HIDPI_IMAGES = YES;
				COPY_PHASE_STRIP = NO;
				DEBUG_INFORMATION_FORMAT = "dwarf-with-dsym";
				DEVELOPMENT_TEAM = R77HUFLYN8;
				ENABLE_NS_ASSERTIONS = NO;
				ENABLE_STRICT_OBJC_MSGSEND = YES;
				GCC_C_LANGUAGE_STANDARD = gnu11;
				GCC_NO_COMMON_BLOCKS = YES;
				GCC_WARN_64_TO_32_BIT_CONVERSION = YES;
				GCC_WARN_ABOUT_RETURN_TYPE = YES_ERROR;
				GCC_WARN_UNDECLARED_SELECTOR = YES;
				GCC_WARN_UNINITIALIZED_AUTOS = YES_AGGRESSIVE;
				GCC_WARN_UNUSED_FUNCTION = YES;
				GCC_WARN_UNUSED_VARIABLE = YES;
				INFOPLIST_FILE = "Sources/Configuration/Info-macOS-unittests.plist";
				LD_RUNPATH_SEARCH_PATHS = (
					"$(inherited)",
					"@executable_path/../Frameworks",
					"@loader_path/../Frameworks",
				);
				MACOSX_DEPLOYMENT_TARGET = 10.13;
				MTL_ENABLE_DEBUG_INFO = NO;
				PRODUCT_BUNDLE_IDENTIFIER = "michal.moskala.MoneySaverAppCore-macOSTests";
				PRODUCT_NAME = "$(TARGET_NAME)";
				SDKROOT = macosx;
				SWIFT_COMPILATION_MODE = wholemodule;
				SWIFT_OPTIMIZATION_LEVEL = "-O";
				SWIFT_VERSION = 4.0;
			};
			name = Release;
		};
/* End XCBuildConfiguration section */

/* Begin XCConfigurationList section */
		3566688F208CE4A40052E724 /* Build configuration list for PBXProject "MoneySaverAppCore" */ = {
			isa = XCConfigurationList;
			buildConfigurations = (
				35666890208CE4A40052E724 /* Debug */,
				35666891208CE4A40052E724 /* Release */,
			);
			defaultConfigurationIsVisible = 0;
			defaultConfigurationName = Release;
		};
		356668A9208CE5CB0052E724 /* Build configuration list for PBXNativeTarget "MoneySaverAppCore-iOS" */ = {
			isa = XCConfigurationList;
			buildConfigurations = (
				356668AA208CE5CB0052E724 /* Debug */,
				356668AB208CE5CB0052E724 /* Release */,
			);
			defaultConfigurationIsVisible = 0;
			defaultConfigurationName = Release;
		};
		356668AC208CE5CB0052E724 /* Build configuration list for PBXNativeTarget "MoneySaverAppCore-iOSTests" */ = {
			isa = XCConfigurationList;
			buildConfigurations = (
				356668AD208CE5CB0052E724 /* Debug */,
				356668AE208CE5CB0052E724 /* Release */,
			);
			defaultConfigurationIsVisible = 0;
			defaultConfigurationName = Release;
		};
		356668C5208CE62C0052E724 /* Build configuration list for PBXNativeTarget "MoneySaverAppCore-macOS" */ = {
			isa = XCConfigurationList;
			buildConfigurations = (
				356668C6208CE62C0052E724 /* Debug */,
				356668C7208CE62C0052E724 /* Release */,
			);
			defaultConfigurationIsVisible = 0;
			defaultConfigurationName = Release;
		};
		356668C8208CE62C0052E724 /* Build configuration list for PBXNativeTarget "MoneySaverAppCore-macOSTests" */ = {
			isa = XCConfigurationList;
			buildConfigurations = (
				356668C9208CE62C0052E724 /* Debug */,
				356668CA208CE62C0052E724 /* Release */,
			);
			defaultConfigurationIsVisible = 0;
			defaultConfigurationName = Release;
		};
/* End XCConfigurationList section */

/* Begin XCVersionGroup section */
		353817CF208E642C00EA967F /* DataModel.xcdatamodeld */ = {
			isa = XCVersionGroup;
			children = (
				353817D0208E642C00EA967F /* DataModel.xcdatamodel */,
			);
			currentVersion = 353817D0208E642C00EA967F /* DataModel.xcdatamodel */;
			path = DataModel.xcdatamodeld;
			sourceTree = "<group>";
			versionGroupType = wrapper.xcdatamodel;
		};
/* End XCVersionGroup section */
	};
	rootObject = 3566688C208CE4A40052E724 /* Project object */;
}
